
Microsoft Visual Studio Solution File, Format Version 12.00
# Visual Studio Version 17
VisualStudioVersion = 17.11.35312.102
MinimumVisualStudioVersion = 10.0.40219.1
Project("{2150E333-8FDC-42A3-9474-1A3956D46DE8}") = "Cores", "Cores", "{4DF32D75-6051-413B-AD3B-014CA7553ACF}"
EndProject
Project("{2150E333-8FDC-42A3-9474-1A3956D46DE8}") = "Clients", "Clients", "{23153F9A-5DF3-4D68-BA9F-EC74B62450D0}"
EndProject
Project("{2150E333-8FDC-42A3-9474-1A3956D46DE8}") = "Server", "Server", "{D5635D4D-FD44-44D2-AD66-5EA3614AE858}"
EndProject
Project("{2150E333-8FDC-42A3-9474-1A3956D46DE8}") = "Common", "Common", "{1EFD9083-9DAC-46CB-9F3E-2DAC7FA74287}"
EndProject
Project("{9A19103F-16F7-4668-BE54-9A1E7A4F7556}") = "Template.Trunk.Shared", "src\Common\Template.Trunk.Shared\Template.Trunk.Shared.csproj", "{3049EADA-98D2-47E2-8418-08A0B11EFACB}"
EndProject
Project("{9A19103F-16F7-4668-BE54-9A1E7A4F7556}") = "Template.Trunk.Data", "src\Core\Template.Trunk.Data\Template.Trunk.Data.csproj", "{AD2104D0-C072-4932-A088-F1EF7AFC894B}"
EndProject
Project("{9A19103F-16F7-4668-BE54-9A1E7A4F7556}") = "Template.Trunk.OpenAPI", "src\OpenApi\Template.Trunk.OpenAPI\Template.Trunk.OpenAPI.csproj", "{7CB52AE8-0BB0-4362-BF14-F9469AC38FE4}"
EndProject
Project("{9A19103F-16F7-4668-BE54-9A1E7A4F7556}") = "Template.Trunk.Server.Infrastructure", "src\OpenApi\Template.Trunk.Infrastructure\Template.Trunk.Server.Infrastructure.csproj", "{AA69E5A0-9F3E-4824-B35B-8D142D3B9002}"
EndProject
Project("{9A19103F-16F7-4668-BE54-9A1E7A4F7556}") = "Template.Trunk.Server.Application", "src\OpenApi\Template.Trunk.Application\Template.Trunk.Server.Application.csproj", "{36105D94-B1F4-4B05-AD4A-68DD1C98FDDF}"
EndProject
Global
	GlobalSection(SolutionConfigurationPlatforms) = preSolution
		Debug|Any CPU = Debug|Any CPU
		Release|Any CPU = Release|Any CPU
	EndGlobalSection
	GlobalSection(ProjectConfigurationPlatforms) = postSolution
		{3049EADA-98D2-47E2-8418-08A0B11EFACB}.Debug|Any CPU.ActiveCfg = Debug|Any CPU
		{3049EADA-98D2-47E2-8418-08A0B11EFACB}.Debug|Any CPU.Build.0 = Debug|Any CPU
		{3049EADA-98D2-47E2-8418-08A0B11EFACB}.Release|Any CPU.ActiveCfg = Release|Any CPU
		{3049EADA-98D2-47E2-8418-08A0B11EFACB}.Release|Any CPU.Build.0 = Release|Any CPU
		{AD2104D0-C072-4932-A088-F1EF7AFC894B}.Debug|Any CPU.ActiveCfg = Debug|Any CPU
		{AD2104D0-C072-4932-A088-F1EF7AFC894B}.Debug|Any CPU.Build.0 = Debug|Any CPU
		{AD2104D0-C072-4932-A088-F1EF7AFC894B}.Release|Any CPU.ActiveCfg = Release|Any CPU
		{AD2104D0-C072-4932-A088-F1EF7AFC894B}.Release|Any CPU.Build.0 = Release|Any CPU
		{7CB52AE8-0BB0-4362-BF14-F9469AC38FE4}.Debug|Any CPU.ActiveCfg = Debug|Any CPU
		{7CB52AE8-0BB0-4362-BF14-F9469AC38FE4}.Debug|Any CPU.Build.0 = Debug|Any CPU
		{7CB52AE8-0BB0-4362-BF14-F9469AC38FE4}.Release|Any CPU.ActiveCfg = Release|Any CPU
		{7CB52AE8-0BB0-4362-BF14-F9469AC38FE4}.Release|Any CPU.Build.0 = Release|Any CPU
		{AA69E5A0-9F3E-4824-B35B-8D142D3B9002}.Debug|Any CPU.ActiveCfg = Debug|Any CPU
		{AA69E5A0-9F3E-4824-B35B-8D142D3B9002}.Debug|Any CPU.Build.0 = Debug|Any CPU
		{AA69E5A0-9F3E-4824-B35B-8D142D3B9002}.Release|Any CPU.ActiveCfg = Release|Any CPU
		{AA69E5A0-9F3E-4824-B35B-8D142D3B9002}.Release|Any CPU.Build.0 = Release|Any CPU
		{36105D94-B1F4-4B05-AD4A-68DD1C98FDDF}.Debug|Any CPU.ActiveCfg = Debug|Any CPU
		{36105D94-B1F4-4B05-AD4A-68DD1C98FDDF}.Debug|Any CPU.Build.0 = Debug|Any CPU
		{36105D94-B1F4-4B05-AD4A-68DD1C98FDDF}.Release|Any CPU.ActiveCfg = Release|Any CPU
		{36105D94-B1F4-4B05-AD4A-68DD1C98FDDF}.Release|Any CPU.Build.0 = Release|Any CPU
	EndGlobalSection
	GlobalSection(SolutionProperties) = preSolution
		HideSolutionNode = FALSE
	EndGlobalSection
	GlobalSection(NestedProjects) = preSolution
		{3049EADA-98D2-47E2-8418-08A0B11EFACB} = {1EFD9083-9DAC-46CB-9F3E-2DAC7FA74287}
		{AD2104D0-C072-4932-A088-F1EF7AFC894B} = {4DF32D75-6051-413B-AD3B-014CA7553ACF}
		{7CB52AE8-0BB0-4362-BF14-F9469AC38FE4} = {D5635D4D-FD44-44D2-AD66-5EA3614AE858}
		{AA69E5A0-9F3E-4824-B35B-8D142D3B9002} = {D5635D4D-FD44-44D2-AD66-5EA3614AE858}
		{36105D94-B1F4-4B05-AD4A-68DD1C98FDDF} = {D5635D4D-FD44-44D2-AD66-5EA3614AE858}
	EndGlobalSection
	GlobalSection(ExtensibilityGlobals) = postSolution
		SolutionGuid = {A6677269-DD26-4643-A3AD-2FF7FCEB8F20}
	EndGlobalSection
EndGlobal
